
Microsoft Visual Studio Solution File, Format Version 12.00
# Visual Studio Version 16
VisualStudioVersion = 25.0.1706.4
MinimumVisualStudioVersion = 10.0.40219.1
Project("{FAE04EC0-301F-11D3-BF4B-00C04F79EFBC}") = "OOP1", "OOP1.csproj", "{D6FFE299-1C57-4F37-88D6-782BEFF3C618}"
EndProject
Project("{FAE04EC0-301F-11D3-BF4B-00C04F79EFBC}") = "Koleksiyonlar", "Koleksiyonlar\Koleksiyonlar.csproj", "{1F96D3AF-E8CB-46D8-ABCC-141F1C72729F}"
EndProject
Project("{FAE04EC0-301F-11D3-BF4B-00C04F79EFBC}") = "GenericsIntro", "GenericsIntro\GenericsIntro.csproj", "{64ABB184-BDD9-45F4-9B9C-7E3E97AAE1BC}"
EndProject
Global
	GlobalSection(SolutionConfigurationPlatforms) = preSolution
		Debug|Any CPU = Debug|Any CPU
		Release|Any CPU = Release|Any CPU
	EndGlobalSection
	GlobalSection(ProjectConfigurationPlatforms) = postSolution
		{D6FFE299-1C57-4F37-88D6-782BEFF3C618}.Debug|Any CPU.ActiveCfg = Debug|Any CPU
		{D6FFE299-1C57-4F37-88D6-782BEFF3C618}.Debug|Any CPU.Build.0 = Debug|Any CPU
		{D6FFE299-1C57-4F37-88D6-782BEFF3C618}.Release|Any CPU.ActiveCfg = Release|Any CPU
		{D6FFE299-1C57-4F37-88D6-782BEFF3C618}.Release|Any CPU.Build.0 = Release|Any CPU
		{1F96D3AF-E8CB-46D8-ABCC-141F1C72729F}.Debug|Any CPU.ActiveCfg = Debug|Any CPU
		{1F96D3AF-E8CB-46D8-ABCC-141F1C72729F}.Debug|Any CPU.Build.0 = Debug|Any CPU
		{1F96D3AF-E8CB-46D8-ABCC-141F1C72729F}.Release|Any CPU.ActiveCfg = Release|Any CPU
		{1F96D3AF-E8CB-46D8-ABCC-141F1C72729F}.Release|Any CPU.Build.0 = Release|Any CPU
		{64ABB184-BDD9-45F4-9B9C-7E3E97AAE1BC}.Debug|Any CPU.ActiveCfg = Debug|Any CPU
		{64ABB184-BDD9-45F4-9B9C-7E3E97AAE1BC}.Debug|Any CPU.Build.0 = Debug|Any CPU
		{64ABB184-BDD9-45F4-9B9C-7E3E97AAE1BC}.Release|Any CPU.ActiveCfg = Release|Any CPU
		{64ABB184-BDD9-45F4-9B9C-7E3E97AAE1BC}.Release|Any CPU.Build.0 = Release|Any CPU
	EndGlobalSection
	GlobalSection(SolutionProperties) = preSolution
		HideSolutionNode = FALSE
	EndGlobalSection
	GlobalSection(ExtensibilityGlobals) = postSolution
		SolutionGuid = {38EB7763-2368-4072-9A09-2C4142390657}
	EndGlobalSection
EndGlobal
